
Microsoft Visual Studio Solution File, Format Version 12.00
# Visual Studio 15
VisualStudioVersion = 15.0.28307.136
MinimumVisualStudioVersion = 10.0.40219.1
Project("{FAE04EC0-301F-11D3-BF4B-00C04F79EFBC}") = "Mastermind", "Mastermind\Mastermind.csproj", "{5F3981F6-6194-4B0B-B6C1-20F6571229ED}"
EndProject
Project("{FAE04EC0-301F-11D3-BF4B-00C04F79EFBC}") = "Mastermind.Service", "Mastermind.Service\Mastermind.Service.csproj", "{13FFF5BB-897F-47F2-9369-AC1A5683C6C1}"
EndProject
Project("{FAE04EC0-301F-11D3-BF4B-00C04F79EFBC}") = "Mastermind.Common", "Mastermind.Common\Mastermind.Common.csproj", "{A4D03D03-F866-4BBE-BD0E-A563BDDD2E0F}"
EndProject
Global
	GlobalSection(SolutionConfigurationPlatforms) = preSolution
		Debug|Any CPU = Debug|Any CPU
		Release|Any CPU = Release|Any CPU
	EndGlobalSection
	GlobalSection(ProjectConfigurationPlatforms) = postSolution
		{5F3981F6-6194-4B0B-B6C1-20F6571229ED}.Debug|Any CPU.ActiveCfg = Debug|Any CPU
		{5F3981F6-6194-4B0B-B6C1-20F6571229ED}.Debug|Any CPU.Build.0 = Debug|Any CPU
		{5F3981F6-6194-4B0B-B6C1-20F6571229ED}.Release|Any CPU.ActiveCfg = Release|Any CPU
		{5F3981F6-6194-4B0B-B6C1-20F6571229ED}.Release|Any CPU.Build.0 = Release|Any CPU
		{13FFF5BB-897F-47F2-9369-AC1A5683C6C1}.Debug|Any CPU.ActiveCfg = Debug|Any CPU
		{13FFF5BB-897F-47F2-9369-AC1A5683C6C1}.Debug|Any CPU.Build.0 = Debug|Any CPU
		{13FFF5BB-897F-47F2-9369-AC1A5683C6C1}.Release|Any CPU.ActiveCfg = Release|Any CPU
		{13FFF5BB-897F-47F2-9369-AC1A5683C6C1}.Release|Any CPU.Build.0 = Release|Any CPU
		{A4D03D03-F866-4BBE-BD0E-A563BDDD2E0F}.Debug|Any CPU.ActiveCfg = Debug|Any CPU
		{A4D03D03-F866-4BBE-BD0E-A563BDDD2E0F}.Debug|Any CPU.Build.0 = Debug|Any CPU
		{A4D03D03-F866-4BBE-BD0E-A563BDDD2E0F}.Release|Any CPU.ActiveCfg = Release|Any CPU
		{A4D03D03-F866-4BBE-BD0E-A563BDDD2E0F}.Release|Any CPU.Build.0 = Release|Any CPU
	EndGlobalSection
	GlobalSection(SolutionProperties) = preSolution
		HideSolutionNode = FALSE
	EndGlobalSection
	GlobalSection(ExtensibilityGlobals) = postSolution
		SolutionGuid = {EBEE03B6-3D1B-4440-A60C-3435CDB890C5}
	EndGlobalSection
EndGlobal
